
Microsoft Visual Studio Solution File, Format Version 12.00
# Visual Studio Version 17
VisualStudioVersion = 17.10.35013.160
MinimumVisualStudioVersion = 10.0.40219.1
Project("{FAE04EC0-301F-11D3-BF4B-00C04F79EFBC}") = "ComplaintApplication", "ComplaintApplication\ComplaintApplication.csproj", "{278642AD-0478-4401-BBAE-CE7AF692AB8E}"
EndProject
Global
	GlobalSection(SolutionConfigurationPlatforms) = preSolution
		Debug|Any CPU = Debug|Any CPU
		Release|Any CPU = Release|Any CPU
	EndGlobalSection
	GlobalSection(ProjectConfigurationPlatforms) = postSolution
		{278642AD-0478-4401-BBAE-CE7AF692AB8E}.Debug|Any CPU.ActiveCfg = Debug|Any CPU
		{278642AD-0478-4401-BBAE-CE7AF692AB8E}.Debug|Any CPU.Build.0 = Debug|Any CPU
		{278642AD-0478-4401-BBAE-CE7AF692AB8E}.Release|Any CPU.ActiveCfg = Release|Any CPU
		{278642AD-0478-4401-BBAE-CE7AF692AB8E}.Release|Any CPU.Build.0 = Release|Any CPU
	EndGlobalSection
	GlobalSection(SolutionProperties) = preSolution
		HideSolutionNode = FALSE
	EndGlobalSection
	GlobalSection(ExtensibilityGlobals) = postSolution
		SolutionGuid = {E99E05B3-7400-4C54-8033-78A95E8092F4}
	EndGlobalSection
EndGlobal
